
Microsoft Visual Studio Solution File, Format Version 12.00
# Visual Studio 14
VisualStudioVersion = 14.0.25420.1
MinimumVisualStudioVersion = 10.0.40219.1
Project("{FAE04EC0-301F-11D3-BF4B-00C04F79EFBC}") = "Share-Tom-CI", "Share-Tom-CI\Share-Tom-CI.csproj", "{8A65B9A9-4E1D-48C9-A3B6-30D010B38079}"
EndProject
Project("{FAE04EC0-301F-11D3-BF4B-00C04F79EFBC}") = "Share-Tom-CI.Tests", "Share-Tom-CI.Tests\Share-Tom-CI.Tests.csproj", "{453CBF23-7A64-44AF-AA9C-933256D1E061}"
EndProject
Global
	GlobalSection(SolutionConfigurationPlatforms) = preSolution
		Debug|Any CPU = Debug|Any CPU
		Release|Any CPU = Release|Any CPU
	EndGlobalSection
	GlobalSection(ProjectConfigurationPlatforms) = postSolution
		{8A65B9A9-4E1D-48C9-A3B6-30D010B38079}.Debug|Any CPU.ActiveCfg = Debug|Any CPU
		{8A65B9A9-4E1D-48C9-A3B6-30D010B38079}.Debug|Any CPU.Build.0 = Debug|Any CPU
		{8A65B9A9-4E1D-48C9-A3B6-30D010B38079}.Release|Any CPU.ActiveCfg = Release|Any CPU
		{8A65B9A9-4E1D-48C9-A3B6-30D010B38079}.Release|Any CPU.Build.0 = Release|Any CPU
		{453CBF23-7A64-44AF-AA9C-933256D1E061}.Debug|Any CPU.ActiveCfg = Debug|Any CPU
		{453CBF23-7A64-44AF-AA9C-933256D1E061}.Debug|Any CPU.Build.0 = Debug|Any CPU
		{453CBF23-7A64-44AF-AA9C-933256D1E061}.Release|Any CPU.ActiveCfg = Release|Any CPU
		{453CBF23-7A64-44AF-AA9C-933256D1E061}.Release|Any CPU.Build.0 = Release|Any CPU
	EndGlobalSection
	GlobalSection(SolutionProperties) = preSolution
		HideSolutionNode = FALSE
	EndGlobalSection
EndGlobal
